
Microsoft Visual Studio Solution File, Format Version 12.00
# Visual Studio Version 17
VisualStudioVersion = 17.9.34407.89
MinimumVisualStudioVersion = 10.0.40219.1
Project("{9A19103F-16F7-4668-BE54-9A1E7A4F7556}") = "PortfolioManagement_API", "Portfolio Management\PortfolioManagement_API.csproj", "{5C65C19B-6484-43B6-9E31-6C16798E4605}"
EndProject
Project("{FAE04EC0-301F-11D3-BF4B-00C04F79EFBC}") = "PortfolioManagement_Utility", "PortfolioManagement_Utility\PortfolioManagement_Utility.csproj", "{469AFC66-C986-4D05-8074-DCAD8B5E5C4A}"
EndProject
Global
	GlobalSection(SolutionConfigurationPlatforms) = preSolution
		Debug|Any CPU = Debug|Any CPU
		Release|Any CPU = Release|Any CPU
	EndGlobalSection
	GlobalSection(ProjectConfigurationPlatforms) = postSolution
		{5C65C19B-6484-43B6-9E31-6C16798E4605}.Debug|Any CPU.ActiveCfg = Debug|Any CPU
		{5C65C19B-6484-43B6-9E31-6C16798E4605}.Debug|Any CPU.Build.0 = Debug|Any CPU
		{5C65C19B-6484-43B6-9E31-6C16798E4605}.Release|Any CPU.ActiveCfg = Release|Any CPU
		{5C65C19B-6484-43B6-9E31-6C16798E4605}.Release|Any CPU.Build.0 = Release|Any CPU
		{469AFC66-C986-4D05-8074-DCAD8B5E5C4A}.Debug|Any CPU.ActiveCfg = Debug|Any CPU
		{469AFC66-C986-4D05-8074-DCAD8B5E5C4A}.Debug|Any CPU.Build.0 = Debug|Any CPU
		{469AFC66-C986-4D05-8074-DCAD8B5E5C4A}.Release|Any CPU.ActiveCfg = Release|Any CPU
		{469AFC66-C986-4D05-8074-DCAD8B5E5C4A}.Release|Any CPU.Build.0 = Release|Any CPU
	EndGlobalSection
	GlobalSection(SolutionProperties) = preSolution
		HideSolutionNode = FALSE
	EndGlobalSection
	GlobalSection(ExtensibilityGlobals) = postSolution
		SolutionGuid = {33963D92-884A-4A37-85E2-B006E3928EA5}
	EndGlobalSection
EndGlobal
